
Microsoft Visual Studio Solution File, Format Version 12.00
# Visual Studio Version 17
VisualStudioVersion = 17.14.36429.23
MinimumVisualStudioVersion = 10.0.40219.1
Project("{FAE04EC0-301F-11D3-BF4B-00C04F79EFBC}") = "ShopNPC", "ShopNPC\ShopNPC.csproj", "{13D50C6C-FE11-4F2C-89CE-DAD7C28F995C}"
EndProject
Global
	GlobalSection(SolutionConfigurationPlatforms) = preSolution
		Debug|Any CPU = Debug|Any CPU
		Release|Any CPU = Release|Any CPU
	EndGlobalSection
	GlobalSection(ProjectConfigurationPlatforms) = postSolution
		{13D50C6C-FE11-4F2C-89CE-DAD7C28F995C}.Debug|Any CPU.ActiveCfg = Debug|Any CPU
		{13D50C6C-FE11-4F2C-89CE-DAD7C28F995C}.Debug|Any CPU.Build.0 = Debug|Any CPU
		{13D50C6C-FE11-4F2C-89CE-DAD7C28F995C}.Release|Any CPU.ActiveCfg = Release|Any CPU
		{13D50C6C-FE11-4F2C-89CE-DAD7C28F995C}.Release|Any CPU.Build.0 = Release|Any CPU
	EndGlobalSection
	GlobalSection(SolutionProperties) = preSolution
		HideSolutionNode = FALSE
	EndGlobalSection
	GlobalSection(ExtensibilityGlobals) = postSolution
		SolutionGuid = {41CEEA26-97BB-4311-9BE1-91DA2795B9CA}
	EndGlobalSection
EndGlobal
